
Microsoft Visual Studio Solution File, Format Version 12.00
# Visual Studio Version 16
VisualStudioVersion = 16.0.30413.136
MinimumVisualStudioVersion = 10.0.40219.1
Project("{FAE04EC0-301F-11D3-BF4B-00C04F79EFBC}") = "CarbonIntensity", "CarbonIntensity.csproj", "{FF76A18C-3D49-4DAF-B499-EBEA67F367F5}"
EndProject
Global
	GlobalSection(SolutionConfigurationPlatforms) = preSolution
		Debug|Any CPU = Debug|Any CPU
		Release|Any CPU = Release|Any CPU
	EndGlobalSection
	GlobalSection(ProjectConfigurationPlatforms) = postSolution
		{FF76A18C-3D49-4DAF-B499-EBEA67F367F5}.Debug|Any CPU.ActiveCfg = Debug|Any CPU
		{FF76A18C-3D49-4DAF-B499-EBEA67F367F5}.Debug|Any CPU.Build.0 = Debug|Any CPU
		{FF76A18C-3D49-4DAF-B499-EBEA67F367F5}.Release|Any CPU.ActiveCfg = Release|Any CPU
		{FF76A18C-3D49-4DAF-B499-EBEA67F367F5}.Release|Any CPU.Build.0 = Release|Any CPU
	EndGlobalSection
	GlobalSection(SolutionProperties) = preSolution
		HideSolutionNode = FALSE
	EndGlobalSection
	GlobalSection(ExtensibilityGlobals) = postSolution
		SolutionGuid = {B1E60DBE-81F0-41EE-90B4-E8816DE0A245}
	EndGlobalSection
EndGlobal
